
Microsoft Visual Studio Solution File, Format Version 12.00
# Visual Studio Version 17
VisualStudioVersion = 17.5.33516.290
MinimumVisualStudioVersion = 10.0.40219.1
Project("{FAE04EC0-301F-11D3-BF4B-00C04F79EFBC}") = "Log4NetDemo", "Log4NetDemo\Log4NetDemo.csproj", "{51D39877-708B-43C6-80E1-5DBDE1225C0E}"
EndProject
Global
	GlobalSection(SolutionConfigurationPlatforms) = preSolution
		Debug|Any CPU = Debug|Any CPU
		Release|Any CPU = Release|Any CPU
	EndGlobalSection
	GlobalSection(ProjectConfigurationPlatforms) = postSolution
		{51D39877-708B-43C6-80E1-5DBDE1225C0E}.Debug|Any CPU.ActiveCfg = Debug|Any CPU
		{51D39877-708B-43C6-80E1-5DBDE1225C0E}.Debug|Any CPU.Build.0 = Debug|Any CPU
		{51D39877-708B-43C6-80E1-5DBDE1225C0E}.Release|Any CPU.ActiveCfg = Release|Any CPU
		{51D39877-708B-43C6-80E1-5DBDE1225C0E}.Release|Any CPU.Build.0 = Release|Any CPU
	EndGlobalSection
	GlobalSection(SolutionProperties) = preSolution
		HideSolutionNode = FALSE
	EndGlobalSection
	GlobalSection(ExtensibilityGlobals) = postSolution
		SolutionGuid = {14AA9FEA-1865-40DB-B185-1F0D6DF3A147}
	EndGlobalSection
EndGlobal
